// !$*UTF8*$!
{
	archiveVersion = 1;
	classes = {
	};
	objectVersion = 48;
	objects = {

/* Begin PBXBuildFile section */
		84A607F21FA3062300D7E3D7 /* NewsViewController.m in Sources */ = {isa = PBXBuildFile; fileRef = 84A607F11FA3062300D7E3D7 /* NewsViewController.m */; };
		BB0DEA371F9F9045009E8420 /* OfferViewController.m in Sources */ = {isa = PBXBuildFile; fileRef = BB0DEA361F9F9045009E8420 /* OfferViewController.m */; };
		BB0DEA3A1F9F9726009E8420 /* OfferTableViewCell.m in Sources */ = {isa = PBXBuildFile; fileRef = BB0DEA391F9F9726009E8420 /* OfferTableViewCell.m */; };
		BB1159021FA4B07F0052107A /* EventViewController.m in Sources */ = {isa = PBXBuildFile; fileRef = BB1159011FA4B07F0052107A /* EventViewController.m */; };
		BB1159051FA4B5D30052107A /* EventTableViewCell.m in Sources */ = {isa = PBXBuildFile; fileRef = BB1159041FA4B5D30052107A /* EventTableViewCell.m */; };
		BB13E82C1F9CD78D00BDA4EB /* PharmaHomeViewController.m in Sources */ = {isa = PBXBuildFile; fileRef = BB13E82B1F9CD78D00BDA4EB /* PharmaHomeViewController.m */; };
		BB16A7BC1FA777AD00AFA112 /* OrderDetailsViewController.m in Sources */ = {isa = PBXBuildFile; fileRef = BB16A7BB1FA777AD00AFA112 /* OrderDetailsViewController.m */; };
		BB16A7BE1FA77E7300AFA112 /* OrderDetailsHeaderSection.xib in Resources */ = {isa = PBXBuildFile; fileRef = BB16A7BD1FA77E7300AFA112 /* OrderDetailsHeaderSection.xib */; };
		BB16A7C11FA77EA100AFA112 /* OrderDetailsHeaderSection.m in Sources */ = {isa = PBXBuildFile; fileRef = BB16A7C01FA77EA100AFA112 /* OrderDetailsHeaderSection.m */; };
		BB16A7C41FA781C400AFA112 /* OrderDetailsTableViewCell.m in Sources */ = {isa = PBXBuildFile; fileRef = BB16A7C31FA781C400AFA112 /* OrderDetailsTableViewCell.m */; };
		BB16A7C61FA787AA00AFA112 /* OrderDetailsFooterSection.xib in Resources */ = {isa = PBXBuildFile; fileRef = BB16A7C51FA787AA00AFA112 /* OrderDetailsFooterSection.xib */; };
		BB16A7C91FA788BE00AFA112 /* OrderDetailsFooetrSection.m in Sources */ = {isa = PBXBuildFile; fileRef = BB16A7C81FA788BE00AFA112 /* OrderDetailsFooetrSection.m */; };
		BB3425CF1FB209A8000FD88C /* EventDetailsViewController.m in Sources */ = {isa = PBXBuildFile; fileRef = BB3425CE1FB209A8000FD88C /* EventDetailsViewController.m */; };
		BB5C964F1FC4511300126DC9 /* RightSideMenuViewController.m in Sources */ = {isa = PBXBuildFile; fileRef = BB5C964E1FC4511300126DC9 /* RightSideMenuViewController.m */; };
		BB5C96521FC45AC900126DC9 /* MainViewController.m in Sources */ = {isa = PBXBuildFile; fileRef = BB5C96511FC45AC900126DC9 /* MainViewController.m */; };
		BB5C96551FC45D0F00126DC9 /* NavigationController.m in Sources */ = {isa = PBXBuildFile; fileRef = BB5C96531FC45D0F00126DC9 /* NavigationController.m */; };
		BB5C96581FC473C900126DC9 /* LeftMenuTableViewCell.m in Sources */ = {isa = PBXBuildFile; fileRef = BB5C96571FC473C900126DC9 /* LeftMenuTableViewCell.m */; };
		BB63834B1F9E504B007B56AF /* GallaryViewController.m in Sources */ = {isa = PBXBuildFile; fileRef = BB63834A1F9E504B007B56AF /* GallaryViewController.m */; };
		BB63834E1F9E577B007B56AF /* GallaryCollectionViewCell.m in Sources */ = {isa = PBXBuildFile; fileRef = BB63834D1F9E577B007B56AF /* GallaryCollectionViewCell.m */; };
		BB6446381FA5FD7F006F2B92 /* SearchResultViewController.m in Sources */ = {isa = PBXBuildFile; fileRef = BB6446371FA5FD7F006F2B92 /* SearchResultViewController.m */; };
		BB64463B1FA6077B006F2B92 /* SearchResultCollectionViewCell.m in Sources */ = {isa = PBXBuildFile; fileRef = BB64463A1FA6077B006F2B92 /* SearchResultCollectionViewCell.m */; };
		BB64463E1FA61D19006F2B92 /* SearchProductDetailsViewController.m in Sources */ = {isa = PBXBuildFile; fileRef = BB64463D1FA61D19006F2B92 /* SearchProductDetailsViewController.m */; };
		BB7700DC1FA45E3200EA76D2 /* NewsTableViewCell.m in Sources */ = {isa = PBXBuildFile; fileRef = BB7700DB1FA45E3200EA76D2 /* NewsTableViewCell.m */; };
		BB7700EE1FA475D600EA76D2 /* NewsSectionHeader.m in Sources */ = {isa = PBXBuildFile; fileRef = BB7700ED1FA475D600EA76D2 /* NewsSectionHeader.m */; };
		BB7700F01FA4762D00EA76D2 /* NewsHeader.xib in Resources */ = {isa = PBXBuildFile; fileRef = BB7700EF1FA4762D00EA76D2 /* NewsHeader.xib */; };
		BB7700F31FA4856B00EA76D2 /* NewsDetailsViewController.m in Sources */ = {isa = PBXBuildFile; fileRef = BB7700F21FA4856B00EA76D2 /* NewsDetailsViewController.m */; };
		BB8A24AF1FA4D5760070322E /* MessageViewController.m in Sources */ = {isa = PBXBuildFile; fileRef = BB8A24AE1FA4D5760070322E /* MessageViewController.m */; };
		BB8A24B21FA4DCE30070322E /* MessageTableViewCell.m in Sources */ = {isa = PBXBuildFile; fileRef = BB8A24B11FA4DCE30070322E /* MessageTableViewCell.m */; };
		BB8A24B51FA4DD480070322E /* MessageSectionHeader.m in Sources */ = {isa = PBXBuildFile; fileRef = BB8A24B41FA4DD480070322E /* MessageSectionHeader.m */; };
		BB8A24B71FA4DD5E0070322E /* MessageSectionHeader.xib in Resources */ = {isa = PBXBuildFile; fileRef = BB8A24B61FA4DD5E0070322E /* MessageSectionHeader.xib */; };
		BB8A59881FC9610900468389 /* ChooseYourPharmacyViewController.m in Sources */ = {isa = PBXBuildFile; fileRef = BB8A59871FC9610900468389 /* ChooseYourPharmacyViewController.m */; };
		BBBC782A1FC7224600062F37 /* SearchResultTableViewCell.m in Sources */ = {isa = PBXBuildFile; fileRef = BBBC78291FC7224600062F37 /* SearchResultTableViewCell.m */; };
		BBC886131FC9729A00D60612 /* SearchByAddressViewController.m in Sources */ = {isa = PBXBuildFile; fileRef = BBC886121FC9729A00D60612 /* SearchByAddressViewController.m */; };
		BBC886161FC972B400D60612 /* SearchByLocationViewController.m in Sources */ = {isa = PBXBuildFile; fileRef = BBC886151FC972B400D60612 /* SearchByLocationViewController.m */; };
		BBD8B6811FC5C243009EDD32 /* LeftSlideMenuViewController.m in Sources */ = {isa = PBXBuildFile; fileRef = BBD8B6801FC5C243009EDD32 /* LeftSlideMenuViewController.m */; };
		BBD8B6841FC5CAB7009EDD32 /* FarmVimaSlideMenuSingletone.m in Sources */ = {isa = PBXBuildFile; fileRef = BBD8B6831FC5CAB7009EDD32 /* FarmVimaSlideMenuSingletone.m */; };
		BBD8CCC51FC4FB6B00C75038 /* RightMenuTableViewCell.m in Sources */ = {isa = PBXBuildFile; fileRef = BBD8CCC41FC4FB6B00C75038 /* RightMenuTableViewCell.m */; };
		BBDC092D1F93B37000E5D9A2 /* PharmaIntroViewController.m in Sources */ = {isa = PBXBuildFile; fileRef = BBDC092C1F93B37000E5D9A2 /* PharmaIntroViewController.m */; };
		BBDC09361F93B7C600E5D9A2 /* NewsIntroViewController.m in Sources */ = {isa = PBXBuildFile; fileRef = BBDC09351F93B7C600E5D9A2 /* NewsIntroViewController.m */; };
		BBDC093A1F93B7F100E5D9A2 /* EventIntroViewController.m in Sources */ = {isa = PBXBuildFile; fileRef = BBDC09391F93B7F100E5D9A2 /* EventIntroViewController.m */; };
		BBDC093D1F93B81300E5D9A2 /* OfferIntroViewController.m in Sources */ = {isa = PBXBuildFile; fileRef = BBDC093C1F93B81300E5D9A2 /* OfferIntroViewController.m */; };
		BBDC09411F93B83500E5D9A2 /* PreBookIntroViewController.m in Sources */ = {isa = PBXBuildFile; fileRef = BBDC09401F93B83500E5D9A2 /* PreBookIntroViewController.m */; };
		BBE31AB91FA5A2D700E07440 /* ProductSearchViewController.m in Sources */ = {isa = PBXBuildFile; fileRef = BBE31AB81FA5A2D700E07440 /* ProductSearchViewController.m */; };
		BBF2D2961FC97B2B007EE3FC /* PharmacyListViewController.m in Sources */ = {isa = PBXBuildFile; fileRef = BBF2D2951FC97B2B007EE3FC /* PharmacyListViewController.m */; };
		BBF4DF0A1FA4EE9A00E0C811 /* NotificationViewController.m in Sources */ = {isa = PBXBuildFile; fileRef = BBF4DF091FA4EE9A00E0C811 /* NotificationViewController.m */; };
		BBF4DF0D1FA4F7DA00E0C811 /* NotificationTableViewCell.m in Sources */ = {isa = PBXBuildFile; fileRef = BBF4DF0C1FA4F7DA00E0C811 /* NotificationTableViewCell.m */; };
		BBFD43C21F93AABD00A7E265 /* AppDelegate.m in Sources */ = {isa = PBXBuildFile; fileRef = BBFD43C11F93AABD00A7E265 /* AppDelegate.m */; };
		BBFD43C51F93AABD00A7E265 /* Farvima.xcdatamodeld in Sources */ = {isa = PBXBuildFile; fileRef = BBFD43C31F93AABD00A7E265 /* Farvima.xcdatamodeld */; };
		BBFD43CE1F93AABD00A7E265 /* Main.storyboard in Resources */ = {isa = PBXBuildFile; fileRef = BBFD43CC1F93AABD00A7E265 /* Main.storyboard */; };
		BBFD43D01F93AABD00A7E265 /* Assets.xcassets in Resources */ = {isa = PBXBuildFile; fileRef = BBFD43CF1F93AABD00A7E265 /* Assets.xcassets */; };
		BBFD43D31F93AABD00A7E265 /* LaunchScreen.storyboard in Resources */ = {isa = PBXBuildFile; fileRef = BBFD43D11F93AABD00A7E265 /* LaunchScreen.storyboard */; };
		BBFD43D61F93AABD00A7E265 /* main.m in Sources */ = {isa = PBXBuildFile; fileRef = BBFD43D51F93AABD00A7E265 /* main.m */; };
		F6BF77A48AF20020A9AA8F42 /* libPods-Farvima.a in Frameworks */ = {isa = PBXBuildFile; fileRef = 1C923C4B9424231A7D810D82 /* libPods-Farvima.a */; };
/* End PBXBuildFile section */

/* Begin PBXFileReference section */
		1C923C4B9424231A7D810D82 /* libPods-Farvima.a */ = {isa = PBXFileReference; explicitFileType = archive.ar; includeInIndex = 0; path = "libPods-Farvima.a"; sourceTree = BUILT_PRODUCTS_DIR; };
		6AF49D719E96AB9AC74CE0B4 /* Pods-Farvima.release.xcconfig */ = {isa = PBXFileReference; includeInIndex = 1; lastKnownFileType = text.xcconfig; name = "Pods-Farvima.release.xcconfig"; path = "Pods/Target Support Files/Pods-Farvima/Pods-Farvima.release.xcconfig"; sourceTree = "<group>"; };
		84A607F01FA3062300D7E3D7 /* NewsViewController.h */ = {isa = PBXFileReference; lastKnownFileType = sourcecode.c.h; path = NewsViewController.h; sourceTree = "<group>"; };
		84A607F11FA3062300D7E3D7 /* NewsViewController.m */ = {isa = PBXFileReference; lastKnownFileType = sourcecode.c.objc; path = NewsViewController.m; sourceTree = "<group>"; };
		BB0DEA351F9F9045009E8420 /* OfferViewController.h */ = {isa = PBXFileReference; lastKnownFileType = sourcecode.c.h; path = OfferViewController.h; sourceTree = "<group>"; };
		BB0DEA361F9F9045009E8420 /* OfferViewController.m */ = {isa = PBXFileReference; lastKnownFileType = sourcecode.c.objc; path = OfferViewController.m; sourceTree = "<group>"; };
		BB0DEA381F9F9726009E8420 /* OfferTableViewCell.h */ = {isa = PBXFileReference; lastKnownFileType = sourcecode.c.h; path = OfferTableViewCell.h; sourceTree = "<group>"; };
		BB0DEA391F9F9726009E8420 /* OfferTableViewCell.m */ = {isa = PBXFileReference; lastKnownFileType = sourcecode.c.objc; path = OfferTableViewCell.m; sourceTree = "<group>"; };
		BB1159001FA4B07F0052107A /* EventViewController.h */ = {isa = PBXFileReference; lastKnownFileType = sourcecode.c.h; path = EventViewController.h; sourceTree = "<group>"; };
		BB1159011FA4B07F0052107A /* EventViewController.m */ = {isa = PBXFileReference; lastKnownFileType = sourcecode.c.objc; path = EventViewController.m; sourceTree = "<group>"; };
		BB1159031FA4B5D30052107A /* EventTableViewCell.h */ = {isa = PBXFileReference; lastKnownFileType = sourcecode.c.h; path = EventTableViewCell.h; sourceTree = "<group>"; };
		BB1159041FA4B5D30052107A /* EventTableViewCell.m */ = {isa = PBXFileReference; lastKnownFileType = sourcecode.c.objc; path = EventTableViewCell.m; sourceTree = "<group>"; };
		BB13E82A1F9CD78D00BDA4EB /* PharmaHomeViewController.h */ = {isa = PBXFileReference; lastKnownFileType = sourcecode.c.h; path = PharmaHomeViewController.h; sourceTree = "<group>"; };
		BB13E82B1F9CD78D00BDA4EB /* PharmaHomeViewController.m */ = {isa = PBXFileReference; lastKnownFileType = sourcecode.c.objc; path = PharmaHomeViewController.m; sourceTree = "<group>"; };
		BB16A7BA1FA777AD00AFA112 /* OrderDetailsViewController.h */ = {isa = PBXFileReference; lastKnownFileType = sourcecode.c.h; path = OrderDetailsViewController.h; sourceTree = "<group>"; };
		BB16A7BB1FA777AD00AFA112 /* OrderDetailsViewController.m */ = {isa = PBXFileReference; lastKnownFileType = sourcecode.c.objc; path = OrderDetailsViewController.m; sourceTree = "<group>"; };
		BB16A7BD1FA77E7300AFA112 /* OrderDetailsHeaderSection.xib */ = {isa = PBXFileReference; lastKnownFileType = file.xib; path = OrderDetailsHeaderSection.xib; sourceTree = "<group>"; };
		BB16A7BF1FA77EA100AFA112 /* OrderDetailsHeaderSection.h */ = {isa = PBXFileReference; lastKnownFileType = sourcecode.c.h; path = OrderDetailsHeaderSection.h; sourceTree = "<group>"; };
		BB16A7C01FA77EA100AFA112 /* OrderDetailsHeaderSection.m */ = {isa = PBXFileReference; lastKnownFileType = sourcecode.c.objc; path = OrderDetailsHeaderSection.m; sourceTree = "<group>"; };
		BB16A7C21FA781C400AFA112 /* OrderDetailsTableViewCell.h */ = {isa = PBXFileReference; lastKnownFileType = sourcecode.c.h; path = OrderDetailsTableViewCell.h; sourceTree = "<group>"; };
		BB16A7C31FA781C400AFA112 /* OrderDetailsTableViewCell.m */ = {isa = PBXFileReference; lastKnownFileType = sourcecode.c.objc; path = OrderDetailsTableViewCell.m; sourceTree = "<group>"; };
		BB16A7C51FA787AA00AFA112 /* OrderDetailsFooterSection.xib */ = {isa = PBXFileReference; lastKnownFileType = file.xib; path = OrderDetailsFooterSection.xib; sourceTree = "<group>"; };
		BB16A7C71FA788BE00AFA112 /* OrderDetailsFooetrSection.h */ = {isa = PBXFileReference; lastKnownFileType = sourcecode.c.h; path = OrderDetailsFooetrSection.h; sourceTree = "<group>"; };
		BB16A7C81FA788BE00AFA112 /* OrderDetailsFooetrSection.m */ = {isa = PBXFileReference; lastKnownFileType = sourcecode.c.objc; path = OrderDetailsFooetrSection.m; sourceTree = "<group>"; };
		BB3425CD1FB209A8000FD88C /* EventDetailsViewController.h */ = {isa = PBXFileReference; lastKnownFileType = sourcecode.c.h; path = EventDetailsViewController.h; sourceTree = "<group>"; };
		BB3425CE1FB209A8000FD88C /* EventDetailsViewController.m */ = {isa = PBXFileReference; lastKnownFileType = sourcecode.c.objc; path = EventDetailsViewController.m; sourceTree = "<group>"; };
		BB5C964D1FC4511300126DC9 /* RightSideMenuViewController.h */ = {isa = PBXFileReference; lastKnownFileType = sourcecode.c.h; path = RightSideMenuViewController.h; sourceTree = "<group>"; };
		BB5C964E1FC4511300126DC9 /* RightSideMenuViewController.m */ = {isa = PBXFileReference; lastKnownFileType = sourcecode.c.objc; path = RightSideMenuViewController.m; sourceTree = "<group>"; };
		BB5C96501FC45AC900126DC9 /* MainViewController.h */ = {isa = PBXFileReference; lastKnownFileType = sourcecode.c.h; path = MainViewController.h; sourceTree = "<group>"; };
		BB5C96511FC45AC900126DC9 /* MainViewController.m */ = {isa = PBXFileReference; lastKnownFileType = sourcecode.c.objc; path = MainViewController.m; sourceTree = "<group>"; };
		BB5C96531FC45D0F00126DC9 /* NavigationController.m */ = {isa = PBXFileReference; lastKnownFileType = sourcecode.c.objc; path = NavigationController.m; sourceTree = "<group>"; };
		BB5C96541FC45D0F00126DC9 /* NavigationController.h */ = {isa = PBXFileReference; lastKnownFileType = sourcecode.c.h; path = NavigationController.h; sourceTree = "<group>"; };
		BB5C96561FC473C900126DC9 /* LeftMenuTableViewCell.h */ = {isa = PBXFileReference; lastKnownFileType = sourcecode.c.h; path = LeftMenuTableViewCell.h; sourceTree = "<group>"; };
		BB5C96571FC473C900126DC9 /* LeftMenuTableViewCell.m */ = {isa = PBXFileReference; lastKnownFileType = sourcecode.c.objc; path = LeftMenuTableViewCell.m; sourceTree = "<group>"; };
		BB6383491F9E504B007B56AF /* GallaryViewController.h */ = {isa = PBXFileReference; lastKnownFileType = sourcecode.c.h; path = GallaryViewController.h; sourceTree = "<group>"; };
		BB63834A1F9E504B007B56AF /* GallaryViewController.m */ = {isa = PBXFileReference; lastKnownFileType = sourcecode.c.objc; path = GallaryViewController.m; sourceTree = "<group>"; };
		BB63834C1F9E577B007B56AF /* GallaryCollectionViewCell.h */ = {isa = PBXFileReference; lastKnownFileType = sourcecode.c.h; path = GallaryCollectionViewCell.h; sourceTree = "<group>"; };
		BB63834D1F9E577B007B56AF /* GallaryCollectionViewCell.m */ = {isa = PBXFileReference; lastKnownFileType = sourcecode.c.objc; path = GallaryCollectionViewCell.m; sourceTree = "<group>"; };
		BB6446361FA5FD7F006F2B92 /* SearchResultViewController.h */ = {isa = PBXFileReference; lastKnownFileType = sourcecode.c.h; path = SearchResultViewController.h; sourceTree = "<group>"; };
		BB6446371FA5FD7F006F2B92 /* SearchResultViewController.m */ = {isa = PBXFileReference; lastKnownFileType = sourcecode.c.objc; path = SearchResultViewController.m; sourceTree = "<group>"; };
		BB6446391FA6077B006F2B92 /* SearchResultCollectionViewCell.h */ = {isa = PBXFileReference; lastKnownFileType = sourcecode.c.h; path = SearchResultCollectionViewCell.h; sourceTree = "<group>"; };
		BB64463A1FA6077B006F2B92 /* SearchResultCollectionViewCell.m */ = {isa = PBXFileReference; lastKnownFileType = sourcecode.c.objc; path = SearchResultCollectionViewCell.m; sourceTree = "<group>"; };
		BB64463C1FA61D19006F2B92 /* SearchProductDetailsViewController.h */ = {isa = PBXFileReference; lastKnownFileType = sourcecode.c.h; path = SearchProductDetailsViewController.h; sourceTree = "<group>"; };
		BB64463D1FA61D19006F2B92 /* SearchProductDetailsViewController.m */ = {isa = PBXFileReference; lastKnownFileType = sourcecode.c.objc; path = SearchProductDetailsViewController.m; sourceTree = "<group>"; };
		BB7700DA1FA45E3200EA76D2 /* NewsTableViewCell.h */ = {isa = PBXFileReference; lastKnownFileType = sourcecode.c.h; path = NewsTableViewCell.h; sourceTree = "<group>"; };
		BB7700DB1FA45E3200EA76D2 /* NewsTableViewCell.m */ = {isa = PBXFileReference; lastKnownFileType = sourcecode.c.objc; path = NewsTableViewCell.m; sourceTree = "<group>"; };
		BB7700EC1FA475D600EA76D2 /* NewsSectionHeader.h */ = {isa = PBXFileReference; lastKnownFileType = sourcecode.c.h; path = NewsSectionHeader.h; sourceTree = "<group>"; };
		BB7700ED1FA475D600EA76D2 /* NewsSectionHeader.m */ = {isa = PBXFileReference; lastKnownFileType = sourcecode.c.objc; path = NewsSectionHeader.m; sourceTree = "<group>"; };
		BB7700EF1FA4762D00EA76D2 /* NewsHeader.xib */ = {isa = PBXFileReference; lastKnownFileType = file.xib; path = NewsHeader.xib; sourceTree = "<group>"; };
		BB7700F11FA4856B00EA76D2 /* NewsDetailsViewController.h */ = {isa = PBXFileReference; lastKnownFileType = sourcecode.c.h; path = NewsDetailsViewController.h; sourceTree = "<group>"; };
		BB7700F21FA4856B00EA76D2 /* NewsDetailsViewController.m */ = {isa = PBXFileReference; lastKnownFileType = sourcecode.c.objc; path = NewsDetailsViewController.m; sourceTree = "<group>"; };
		BB8A24AD1FA4D5760070322E /* MessageViewController.h */ = {isa = PBXFileReference; lastKnownFileType = sourcecode.c.h; path = MessageViewController.h; sourceTree = "<group>"; };
		BB8A24AE1FA4D5760070322E /* MessageViewController.m */ = {isa = PBXFileReference; lastKnownFileType = sourcecode.c.objc; path = MessageViewController.m; sourceTree = "<group>"; };
		BB8A24B01FA4DCE30070322E /* MessageTableViewCell.h */ = {isa = PBXFileReference; lastKnownFileType = sourcecode.c.h; path = MessageTableViewCell.h; sourceTree = "<group>"; };
		BB8A24B11FA4DCE30070322E /* MessageTableViewCell.m */ = {isa = PBXFileReference; lastKnownFileType = sourcecode.c.objc; path = MessageTableViewCell.m; sourceTree = "<group>"; };
		BB8A24B31FA4DD480070322E /* MessageSectionHeader.h */ = {isa = PBXFileReference; lastKnownFileType = sourcecode.c.h; path = MessageSectionHeader.h; sourceTree = "<group>"; };
		BB8A24B41FA4DD480070322E /* MessageSectionHeader.m */ = {isa = PBXFileReference; lastKnownFileType = sourcecode.c.objc; path = MessageSectionHeader.m; sourceTree = "<group>"; };
		BB8A24B61FA4DD5E0070322E /* MessageSectionHeader.xib */ = {isa = PBXFileReference; lastKnownFileType = file.xib; path = MessageSectionHeader.xib; sourceTree = "<group>"; };
		BB8A59861FC9610900468389 /* ChooseYourPharmacyViewController.h */ = {isa = PBXFileReference; lastKnownFileType = sourcecode.c.h; path = ChooseYourPharmacyViewController.h; sourceTree = "<group>"; };
		BB8A59871FC9610900468389 /* ChooseYourPharmacyViewController.m */ = {isa = PBXFileReference; lastKnownFileType = sourcecode.c.objc; path = ChooseYourPharmacyViewController.m; sourceTree = "<group>"; };
		BBBC78281FC7224600062F37 /* SearchResultTableViewCell.h */ = {isa = PBXFileReference; lastKnownFileType = sourcecode.c.h; path = SearchResultTableViewCell.h; sourceTree = "<group>"; };
		BBBC78291FC7224600062F37 /* SearchResultTableViewCell.m */ = {isa = PBXFileReference; lastKnownFileType = sourcecode.c.objc; path = SearchResultTableViewCell.m; sourceTree = "<group>"; };
		BBC886111FC9729A00D60612 /* SearchByAddressViewController.h */ = {isa = PBXFileReference; lastKnownFileType = sourcecode.c.h; path = SearchByAddressViewController.h; sourceTree = "<group>"; };
		BBC886121FC9729A00D60612 /* SearchByAddressViewController.m */ = {isa = PBXFileReference; lastKnownFileType = sourcecode.c.objc; path = SearchByAddressViewController.m; sourceTree = "<group>"; };
		BBC886141FC972B400D60612 /* SearchByLocationViewController.h */ = {isa = PBXFileReference; lastKnownFileType = sourcecode.c.h; path = SearchByLocationViewController.h; sourceTree = "<group>"; };
		BBC886151FC972B400D60612 /* SearchByLocationViewController.m */ = {isa = PBXFileReference; lastKnownFileType = sourcecode.c.objc; path = SearchByLocationViewController.m; sourceTree = "<group>"; };
		BBD8B67F1FC5C243009EDD32 /* LeftSlideMenuViewController.h */ = {isa = PBXFileReference; lastKnownFileType = sourcecode.c.h; path = LeftSlideMenuViewController.h; sourceTree = "<group>"; };
		BBD8B6801FC5C243009EDD32 /* LeftSlideMenuViewController.m */ = {isa = PBXFileReference; lastKnownFileType = sourcecode.c.objc; path = LeftSlideMenuViewController.m; sourceTree = "<group>"; };
		BBD8B6821FC5CAB7009EDD32 /* FarmVimaSlideMenuSingletone.h */ = {isa = PBXFileReference; lastKnownFileType = sourcecode.c.h; path = FarmVimaSlideMenuSingletone.h; sourceTree = "<group>"; };
		BBD8B6831FC5CAB7009EDD32 /* FarmVimaSlideMenuSingletone.m */ = {isa = PBXFileReference; lastKnownFileType = sourcecode.c.objc; path = FarmVimaSlideMenuSingletone.m; sourceTree = "<group>"; };
		BBD8CCC31FC4FB6B00C75038 /* RightMenuTableViewCell.h */ = {isa = PBXFileReference; lastKnownFileType = sourcecode.c.h; path = RightMenuTableViewCell.h; sourceTree = "<group>"; };
		BBD8CCC41FC4FB6B00C75038 /* RightMenuTableViewCell.m */ = {isa = PBXFileReference; lastKnownFileType = sourcecode.c.objc; path = RightMenuTableViewCell.m; sourceTree = "<group>"; };
		BBDC092B1F93B37000E5D9A2 /* PharmaIntroViewController.h */ = {isa = PBXFileReference; lastKnownFileType = sourcecode.c.h; path = PharmaIntroViewController.h; sourceTree = "<group>"; };
		BBDC092C1F93B37000E5D9A2 /* PharmaIntroViewController.m */ = {isa = PBXFileReference; lastKnownFileType = sourcecode.c.objc; path = PharmaIntroViewController.m; sourceTree = "<group>"; };
		BBDC09341F93B7C600E5D9A2 /* NewsIntroViewController.h */ = {isa = PBXFileReference; lastKnownFileType = sourcecode.c.h; path = NewsIntroViewController.h; sourceTree = "<group>"; };
		BBDC09351F93B7C600E5D9A2 /* NewsIntroViewController.m */ = {isa = PBXFileReference; lastKnownFileType = sourcecode.c.objc; path = NewsIntroViewController.m; sourceTree = "<group>"; };
		BBDC09381F93B7F100E5D9A2 /* EventIntroViewController.h */ = {isa = PBXFileReference; lastKnownFileType = sourcecode.c.h; path = EventIntroViewController.h; sourceTree = "<group>"; };
		BBDC09391F93B7F100E5D9A2 /* EventIntroViewController.m */ = {isa = PBXFileReference; lastKnownFileType = sourcecode.c.objc; path = EventIntroViewController.m; sourceTree = "<group>"; };
		BBDC093B1F93B81300E5D9A2 /* OfferIntroViewController.h */ = {isa = PBXFileReference; lastKnownFileType = sourcecode.c.h; path = OfferIntroViewController.h; sourceTree = "<group>"; };
		BBDC093C1F93B81300E5D9A2 /* OfferIntroViewController.m */ = {isa = PBXFileReference; lastKnownFileType = sourcecode.c.objc; path = OfferIntroViewController.m; sourceTree = "<group>"; };
		BBDC093F1F93B83500E5D9A2 /* PreBookIntroViewController.h */ = {isa = PBXFileReference; lastKnownFileType = sourcecode.c.h; path = PreBookIntroViewController.h; sourceTree = "<group>"; };
		BBDC09401F93B83500E5D9A2 /* PreBookIntroViewController.m */ = {isa = PBXFileReference; lastKnownFileType = sourcecode.c.objc; path = PreBookIntroViewController.m; sourceTree = "<group>"; };
		BBE31AB71FA5A2D700E07440 /* ProductSearchViewController.h */ = {isa = PBXFileReference; lastKnownFileType = sourcecode.c.h; path = ProductSearchViewController.h; sourceTree = "<group>"; };
		BBE31AB81FA5A2D700E07440 /* ProductSearchViewController.m */ = {isa = PBXFileReference; lastKnownFileType = sourcecode.c.objc; path = ProductSearchViewController.m; sourceTree = "<group>"; };
		BBF2D2941FC97B2B007EE3FC /* PharmacyListViewController.h */ = {isa = PBXFileReference; lastKnownFileType = sourcecode.c.h; path = PharmacyListViewController.h; sourceTree = "<group>"; };
		BBF2D2951FC97B2B007EE3FC /* PharmacyListViewController.m */ = {isa = PBXFileReference; lastKnownFileType = sourcecode.c.objc; path = PharmacyListViewController.m; sourceTree = "<group>"; };
		BBF4DF081FA4EE9A00E0C811 /* NotificationViewController.h */ = {isa = PBXFileReference; lastKnownFileType = sourcecode.c.h; path = NotificationViewController.h; sourceTree = "<group>"; };
		BBF4DF091FA4EE9A00E0C811 /* NotificationViewController.m */ = {isa = PBXFileReference; lastKnownFileType = sourcecode.c.objc; path = NotificationViewController.m; sourceTree = "<group>"; };
		BBF4DF0B1FA4F7DA00E0C811 /* NotificationTableViewCell.h */ = {isa = PBXFileReference; lastKnownFileType = sourcecode.c.h; path = NotificationTableViewCell.h; sourceTree = "<group>"; };
		BBF4DF0C1FA4F7DA00E0C811 /* NotificationTableViewCell.m */ = {isa = PBXFileReference; lastKnownFileType = sourcecode.c.objc; path = NotificationTableViewCell.m; sourceTree = "<group>"; };
		BBFD43BD1F93AABD00A7E265 /* Farvima.app */ = {isa = PBXFileReference; explicitFileType = wrapper.application; includeInIndex = 0; path = Farvima.app; sourceTree = BUILT_PRODUCTS_DIR; };
		BBFD43C01F93AABD00A7E265 /* AppDelegate.h */ = {isa = PBXFileReference; lastKnownFileType = sourcecode.c.h; path = AppDelegate.h; sourceTree = "<group>"; };
		BBFD43C11F93AABD00A7E265 /* AppDelegate.m */ = {isa = PBXFileReference; lastKnownFileType = sourcecode.c.objc; path = AppDelegate.m; sourceTree = "<group>"; };
		BBFD43C41F93AABD00A7E265 /* Farvima.xcdatamodel */ = {isa = PBXFileReference; lastKnownFileType = wrapper.xcdatamodel; path = Farvima.xcdatamodel; sourceTree = "<group>"; };
		BBFD43CD1F93AABD00A7E265 /* Base */ = {isa = PBXFileReference; lastKnownFileType = file.storyboard; name = Base; path = Base.lproj/Main.storyboard; sourceTree = "<group>"; };
		BBFD43CF1F93AABD00A7E265 /* Assets.xcassets */ = {isa = PBXFileReference; lastKnownFileType = folder.assetcatalog; path = Assets.xcassets; sourceTree = "<group>"; };
		BBFD43D21F93AABD00A7E265 /* Base */ = {isa = PBXFileReference; lastKnownFileType = file.storyboard; name = Base; path = Base.lproj/LaunchScreen.storyboard; sourceTree = "<group>"; };
		BBFD43D41F93AABD00A7E265 /* Info.plist */ = {isa = PBXFileReference; lastKnownFileType = text.plist.xml; path = Info.plist; sourceTree = "<group>"; };
		BBFD43D51F93AABD00A7E265 /* main.m */ = {isa = PBXFileReference; lastKnownFileType = sourcecode.c.objc; path = main.m; sourceTree = "<group>"; };
		E2FB0FEBF165970D978B384F /* Pods-Farvima.debug.xcconfig */ = {isa = PBXFileReference; includeInIndex = 1; lastKnownFileType = text.xcconfig; name = "Pods-Farvima.debug.xcconfig"; path = "Pods/Target Support Files/Pods-Farvima/Pods-Farvima.debug.xcconfig"; sourceTree = "<group>"; };
/* End PBXFileReference section */

/* Begin PBXFrameworksBuildPhase section */
		BBFD43BA1F93AABD00A7E265 /* Frameworks */ = {
			isa = PBXFrameworksBuildPhase;
			buildActionMask = 2147483647;
			files = (
				F6BF77A48AF20020A9AA8F42 /* libPods-Farvima.a in Frameworks */,
			);
			runOnlyForDeploymentPostprocessing = 0;
		};
/* End PBXFrameworksBuildPhase section */

/* Begin PBXGroup section */
		2AD0A3FF8B2C209DD074AF52 /* Pods */ = {
			isa = PBXGroup;
			children = (
				E2FB0FEBF165970D978B384F /* Pods-Farvima.debug.xcconfig */,
				6AF49D719E96AB9AC74CE0B4 /* Pods-Farvima.release.xcconfig */,
			);
			name = Pods;
			sourceTree = "<group>";
		};
		84A607EF1FA305E800D7E3D7 /* News */ = {
			isa = PBXGroup;
			children = (
				84A607F01FA3062300D7E3D7 /* NewsViewController.h */,
				84A607F11FA3062300D7E3D7 /* NewsViewController.m */,
				BB7700DA1FA45E3200EA76D2 /* NewsTableViewCell.h */,
				BB7700DB1FA45E3200EA76D2 /* NewsTableViewCell.m */,
				BB7700EC1FA475D600EA76D2 /* NewsSectionHeader.h */,
				BB7700ED1FA475D600EA76D2 /* NewsSectionHeader.m */,
				BB7700F11FA4856B00EA76D2 /* NewsDetailsViewController.h */,
				BB7700F21FA4856B00EA76D2 /* NewsDetailsViewController.m */,
			);
			path = News;
			sourceTree = "<group>";
		};
		BB0DEA341F9F902A009E8420 /* Offerete */ = {
			isa = PBXGroup;
			children = (
				BB0DEA351F9F9045009E8420 /* OfferViewController.h */,
				BB0DEA361F9F9045009E8420 /* OfferViewController.m */,
				BB0DEA381F9F9726009E8420 /* OfferTableViewCell.h */,
				BB0DEA391F9F9726009E8420 /* OfferTableViewCell.m */,
			);
			path = Offerete;
			sourceTree = "<group>";
		};
		BB1158FF1FA4B0640052107A /* Event */ = {
			isa = PBXGroup;
			children = (
				BB1159001FA4B07F0052107A /* EventViewController.h */,
				BB1159011FA4B07F0052107A /* EventViewController.m */,
				BB1159031FA4B5D30052107A /* EventTableViewCell.h */,
				BB1159041FA4B5D30052107A /* EventTableViewCell.m */,
				BB3425CD1FB209A8000FD88C /* EventDetailsViewController.h */,
				BB3425CE1FB209A8000FD88C /* EventDetailsViewController.m */,
			);
			path = Event;
			sourceTree = "<group>";
		};
		BB13E8291F9CD77000BDA4EB /* Pharma Home */ = {
			isa = PBXGroup;
			children = (
				BB13E82A1F9CD78D00BDA4EB /* PharmaHomeViewController.h */,
				BB13E82B1F9CD78D00BDA4EB /* PharmaHomeViewController.m */,
			);
			path = "Pharma Home";
			sourceTree = "<group>";
		};
		BB5C96491FC450A500126DC9 /* Slide Menu */ = {
			isa = PBXGroup;
			children = (
				BB5C96501FC45AC900126DC9 /* MainViewController.h */,
				BB5C96511FC45AC900126DC9 /* MainViewController.m */,
				BB5C96541FC45D0F00126DC9 /* NavigationController.h */,
				BB5C96531FC45D0F00126DC9 /* NavigationController.m */,
				BBD8B67F1FC5C243009EDD32 /* LeftSlideMenuViewController.h */,
				BBD8B6801FC5C243009EDD32 /* LeftSlideMenuViewController.m */,
				BB5C96561FC473C900126DC9 /* LeftMenuTableViewCell.h */,
				BB5C96571FC473C900126DC9 /* LeftMenuTableViewCell.m */,
				BB5C964D1FC4511300126DC9 /* RightSideMenuViewController.h */,
				BB5C964E1FC4511300126DC9 /* RightSideMenuViewController.m */,
				BBD8CCC31FC4FB6B00C75038 /* RightMenuTableViewCell.h */,
				BBD8CCC41FC4FB6B00C75038 /* RightMenuTableViewCell.m */,
			);
			path = "Slide Menu";
			sourceTree = "<group>";
		};
		BB6383481F9E502D007B56AF /* Galleria */ = {
			isa = PBXGroup;
			children = (
				BB6383491F9E504B007B56AF /* GallaryViewController.h */,
				BB63834A1F9E504B007B56AF /* GallaryViewController.m */,
				BB63834C1F9E577B007B56AF /* GallaryCollectionViewCell.h */,
				BB63834D1F9E577B007B56AF /* GallaryCollectionViewCell.m */,
			);
			path = Galleria;
			sourceTree = "<group>";
		};
		BB8A24AC1FA4D55A0070322E /* Message */ = {
			isa = PBXGroup;
			children = (
				BB8A24AD1FA4D5760070322E /* MessageViewController.h */,
				BB8A24AE1FA4D5760070322E /* MessageViewController.m */,
				BB8A24B01FA4DCE30070322E /* MessageTableViewCell.h */,
				BB8A24B11FA4DCE30070322E /* MessageTableViewCell.m */,
				BB8A24B31FA4DD480070322E /* MessageSectionHeader.h */,
				BB8A24B41FA4DD480070322E /* MessageSectionHeader.m */,
			);
			path = Message;
			sourceTree = "<group>";
		};
		BB8A59851FC960DC00468389 /* Choose Pharmacy */ = {
			isa = PBXGroup;
			children = (
				BB8A59861FC9610900468389 /* ChooseYourPharmacyViewController.h */,
				BB8A59871FC9610900468389 /* ChooseYourPharmacyViewController.m */,
			);
			path = "Choose Pharmacy";
			sourceTree = "<group>";
		};
		BBC8860F1FC971C000D60612 /* Search by address */ = {
			isa = PBXGroup;
			children = (
				BBC886111FC9729A00D60612 /* SearchByAddressViewController.h */,
				BBC886121FC9729A00D60612 /* SearchByAddressViewController.m */,
			);
			path = "Search by address";
			sourceTree = "<group>";
		};
		BBC886101FC9727A00D60612 /* Search by location */ = {
			isa = PBXGroup;
			children = (
				BBC886141FC972B400D60612 /* SearchByLocationViewController.h */,
				BBC886151FC972B400D60612 /* SearchByLocationViewController.m */,
				BBF2D2931FC97AF6007EE3FC /* Pharmacy list */,
			);
			path = "Search by location";
			sourceTree = "<group>";
		};
		BBDC092A1F93B34900E5D9A2 /* Start up guide */ = {
			isa = PBXGroup;
			children = (
				BBDC093E1F93B82200E5D9A2 /* Pre Book */,
				BBDC09371F93B7D700E5D9A2 /* Event */,
				BBDC09331F93B7B500E5D9A2 /* News */,
				BBDC092F1F93B78B00E5D9A2 /* Offer */,
				BBDC092E1F93B78200E5D9A2 /* Pharmacy */,
			);
			path = "Start up guide";
			sourceTree = "<group>";
		};
		BBDC092E1F93B78200E5D9A2 /* Pharmacy */ = {
			isa = PBXGroup;
			children = (
				BBDC092B1F93B37000E5D9A2 /* PharmaIntroViewController.h */,
				BBDC092C1F93B37000E5D9A2 /* PharmaIntroViewController.m */,
			);
			path = Pharmacy;
			sourceTree = "<group>";
		};
		BBDC092F1F93B78B00E5D9A2 /* Offer */ = {
			isa = PBXGroup;
			children = (
				BBDC093B1F93B81300E5D9A2 /* OfferIntroViewController.h */,
				BBDC093C1F93B81300E5D9A2 /* OfferIntroViewController.m */,
			);
			path = Offer;
			sourceTree = "<group>";
		};
		BBDC09331F93B7B500E5D9A2 /* News */ = {
			isa = PBXGroup;
			children = (
				BBDC09341F93B7C600E5D9A2 /* NewsIntroViewController.h */,
				BBDC09351F93B7C600E5D9A2 /* NewsIntroViewController.m */,
			);
			path = News;
			sourceTree = "<group>";
		};
		BBDC09371F93B7D700E5D9A2 /* Event */ = {
			isa = PBXGroup;
			children = (
				BBDC09381F93B7F100E5D9A2 /* EventIntroViewController.h */,
				BBDC09391F93B7F100E5D9A2 /* EventIntroViewController.m */,
			);
			path = Event;
			sourceTree = "<group>";
		};
		BBDC093E1F93B82200E5D9A2 /* Pre Book */ = {
			isa = PBXGroup;
			children = (
				BBDC093F1F93B83500E5D9A2 /* PreBookIntroViewController.h */,
				BBDC09401F93B83500E5D9A2 /* PreBookIntroViewController.m */,
			);
			path = "Pre Book";
			sourceTree = "<group>";
		};
		BBE31AB61FA5A2B400E07440 /* Product search */ = {
			isa = PBXGroup;
			children = (
				BBE31AB71FA5A2D700E07440 /* ProductSearchViewController.h */,
				BBE31AB81FA5A2D700E07440 /* ProductSearchViewController.m */,
				BB6446361FA5FD7F006F2B92 /* SearchResultViewController.h */,
				BB6446371FA5FD7F006F2B92 /* SearchResultViewController.m */,
				BB6446391FA6077B006F2B92 /* SearchResultCollectionViewCell.h */,
				BB64463A1FA6077B006F2B92 /* SearchResultCollectionViewCell.m */,
				BBBC78281FC7224600062F37 /* SearchResultTableViewCell.h */,
				BBBC78291FC7224600062F37 /* SearchResultTableViewCell.m */,
				BB64463C1FA61D19006F2B92 /* SearchProductDetailsViewController.h */,
				BB64463D1FA61D19006F2B92 /* SearchProductDetailsViewController.m */,
				BB16A7BA1FA777AD00AFA112 /* OrderDetailsViewController.h */,
				BB16A7BB1FA777AD00AFA112 /* OrderDetailsViewController.m */,
				BB16A7C21FA781C400AFA112 /* OrderDetailsTableViewCell.h */,
				BB16A7C31FA781C400AFA112 /* OrderDetailsTableViewCell.m */,
				BB16A7BF1FA77EA100AFA112 /* OrderDetailsHeaderSection.h */,
				BB16A7C01FA77EA100AFA112 /* OrderDetailsHeaderSection.m */,
				BB16A7C71FA788BE00AFA112 /* OrderDetailsFooetrSection.h */,
				BB16A7C81FA788BE00AFA112 /* OrderDetailsFooetrSection.m */,
			);
			path = "Product search";
			sourceTree = "<group>";
		};
		BBF2D2931FC97AF6007EE3FC /* Pharmacy list */ = {
			isa = PBXGroup;
			children = (
				BBF2D2941FC97B2B007EE3FC /* PharmacyListViewController.h */,
				BBF2D2951FC97B2B007EE3FC /* PharmacyListViewController.m */,
			);
			path = "Pharmacy list";
			sourceTree = "<group>";
		};
		BBF4DF071FA4EE6A00E0C811 /* Notification */ = {
			isa = PBXGroup;
			children = (
				BBF4DF081FA4EE9A00E0C811 /* NotificationViewController.h */,
				BBF4DF091FA4EE9A00E0C811 /* NotificationViewController.m */,
				BBF4DF0B1FA4F7DA00E0C811 /* NotificationTableViewCell.h */,
				BBF4DF0C1FA4F7DA00E0C811 /* NotificationTableViewCell.m */,
			);
			path = Notification;
			sourceTree = "<group>";
		};
		BBFD43B41F93AABD00A7E265 = {
			isa = PBXGroup;
			children = (
				BBFD43BF1F93AABD00A7E265 /* Farvima */,
				BBFD43BE1F93AABD00A7E265 /* Products */,
				2AD0A3FF8B2C209DD074AF52 /* Pods */,
				FBB8BF018C16FD4692EC36A1 /* Frameworks */,
			);
			sourceTree = "<group>";
		};
		BBFD43BE1F93AABD00A7E265 /* Products */ = {
			isa = PBXGroup;
			children = (
				BBFD43BD1F93AABD00A7E265 /* Farvima.app */,
			);
			name = Products;
			sourceTree = "<group>";
		};
		BBFD43BF1F93AABD00A7E265 /* Farvima */ = {
			isa = PBXGroup;
			children = (
				BBFD43C01F93AABD00A7E265 /* AppDelegate.h */,
				BBFD43C11F93AABD00A7E265 /* AppDelegate.m */,
				BBD8B6821FC5CAB7009EDD32 /* FarmVimaSlideMenuSingletone.h */,
				BBD8B6831FC5CAB7009EDD32 /* FarmVimaSlideMenuSingletone.m */,
				BB5C96491FC450A500126DC9 /* Slide Menu */,
				BBDC092A1F93B34900E5D9A2 /* Start up guide */,
				BB13E8291F9CD77000BDA4EB /* Pharma Home */,
				BB6383481F9E502D007B56AF /* Galleria */,
				BB0DEA341F9F902A009E8420 /* Offerete */,
				84A607EF1FA305E800D7E3D7 /* News */,
				BB1158FF1FA4B0640052107A /* Event */,
				BB8A24AC1FA4D55A0070322E /* Message */,
				BBF4DF071FA4EE6A00E0C811 /* Notification */,
				BBE31AB61FA5A2B400E07440 /* Product search */,
				BB8A59851FC960DC00468389 /* Choose Pharmacy */,
				BBC8860F1FC971C000D60612 /* Search by address */,
				BBC886101FC9727A00D60612 /* Search by location */,
				BBFD43CC1F93AABD00A7E265 /* Main.storyboard */,
				BB16A7BD1FA77E7300AFA112 /* OrderDetailsHeaderSection.xib */,
				BB16A7C51FA787AA00AFA112 /* OrderDetailsFooterSection.xib */,
				BB7700EF1FA4762D00EA76D2 /* NewsHeader.xib */,
				BB8A24B61FA4DD5E0070322E /* MessageSectionHeader.xib */,
				BBFD43CF1F93AABD00A7E265 /* Assets.xcassets */,
				BBFD43D11F93AABD00A7E265 /* LaunchScreen.storyboard */,
				BBFD43D41F93AABD00A7E265 /* Info.plist */,
				BBFD43D51F93AABD00A7E265 /* main.m */,
				BBFD43C31F93AABD00A7E265 /* Farvima.xcdatamodeld */,
			);
			path = Farvima;
			sourceTree = "<group>";
		};
		FBB8BF018C16FD4692EC36A1 /* Frameworks */ = {
			isa = PBXGroup;
			children = (
				1C923C4B9424231A7D810D82 /* libPods-Farvima.a */,
			);
			name = Frameworks;
			sourceTree = "<group>";
		};
/* End PBXGroup section */

/* Begin PBXNativeTarget section */
		BBFD43BC1F93AABD00A7E265 /* Farvima */ = {
			isa = PBXNativeTarget;
			buildConfigurationList = BBFD43D91F93AABD00A7E265 /* Build configuration list for PBXNativeTarget "Farvima" */;
			buildPhases = (
				14172144C79D6B66AB016ADC /* [CP] Check Pods Manifest.lock */,
				BBFD43B91F93AABD00A7E265 /* Sources */,
				BBFD43BA1F93AABD00A7E265 /* Frameworks */,
				BBFD43BB1F93AABD00A7E265 /* Resources */,
				22A52C9303DF4D73B1D285F5 /* [CP] Embed Pods Frameworks */,
				FA252B2547ADC0D6ACB61424 /* [CP] Copy Pods Resources */,
			);
			buildRules = (
			);
			dependencies = (
			);
			name = Farvima;
			productName = Farvima;
			productReference = BBFD43BD1F93AABD00A7E265 /* Farvima.app */;
			productType = "com.apple.product-type.application";
		};
/* End PBXNativeTarget section */

/* Begin PBXProject section */
		BBFD43B51F93AABD00A7E265 /* Project object */ = {
			isa = PBXProject;
			attributes = {
				LastUpgradeCheck = 0900;
				ORGANIZATIONNAME = "Rafay Hasan";
				TargetAttributes = {
					BBFD43BC1F93AABD00A7E265 = {
						CreatedOnToolsVersion = 9.0;
						ProvisioningStyle = Manual;
					};
				};
			};
			buildConfigurationList = BBFD43B81F93AABD00A7E265 /* Build configuration list for PBXProject "Farvima" */;
			compatibilityVersion = "Xcode 8.0";
			developmentRegion = en;
			hasScannedForEncodings = 0;
			knownRegions = (
				en,
				Base,
			);
			mainGroup = BBFD43B41F93AABD00A7E265;
			productRefGroup = BBFD43BE1F93AABD00A7E265 /* Products */;
			projectDirPath = "";
			projectRoot = "";
			targets = (
				BBFD43BC1F93AABD00A7E265 /* Farvima */,
			);
		};
/* End PBXProject section */

/* Begin PBXResourcesBuildPhase section */
		BBFD43BB1F93AABD00A7E265 /* Resources */ = {
			isa = PBXResourcesBuildPhase;
			buildActionMask = 2147483647;
			files = (
				BB16A7C61FA787AA00AFA112 /* OrderDetailsFooterSection.xib in Resources */,
				BBFD43D31F93AABD00A7E265 /* LaunchScreen.storyboard in Resources */,
				BB7700F01FA4762D00EA76D2 /* NewsHeader.xib in Resources */,
				BB8A24B71FA4DD5E0070322E /* MessageSectionHeader.xib in Resources */,
				BBFD43D01F93AABD00A7E265 /* Assets.xcassets in Resources */,
				BB16A7BE1FA77E7300AFA112 /* OrderDetailsHeaderSection.xib in Resources */,
				BBFD43CE1F93AABD00A7E265 /* Main.storyboard in Resources */,
			);
			runOnlyForDeploymentPostprocessing = 0;
		};
/* End PBXResourcesBuildPhase section */

/* Begin PBXShellScriptBuildPhase section */
		14172144C79D6B66AB016ADC /* [CP] Check Pods Manifest.lock */ = {
			isa = PBXShellScriptBuildPhase;
			buildActionMask = 2147483647;
			files = (
			);
			inputPaths = (
			);
			name = "[CP] Check Pods Manifest.lock";
			outputPaths = (
			);
			runOnlyForDeploymentPostprocessing = 0;
			shellPath = /bin/sh;
			shellScript = "diff \"${PODS_ROOT}/../Podfile.lock\" \"${PODS_ROOT}/Manifest.lock\" > /dev/null\nif [ $? != 0 ] ; then\n    # print error to STDERR\n    echo \"error: The sandbox is not in sync with the Podfile.lock. Run 'pod install' or update your CocoaPods installation.\" >&2\n    exit 1\nfi\n";
			showEnvVarsInLog = 0;
		};
		22A52C9303DF4D73B1D285F5 /* [CP] Embed Pods Frameworks */ = {
			isa = PBXShellScriptBuildPhase;
			buildActionMask = 2147483647;
			files = (
			);
			inputPaths = (
			);
			name = "[CP] Embed Pods Frameworks";
			outputPaths = (
			);
			runOnlyForDeploymentPostprocessing = 0;
			shellPath = /bin/sh;
			shellScript = "\"${SRCROOT}/Pods/Target Support Files/Pods-Farvima/Pods-Farvima-frameworks.sh\"\n";
			showEnvVarsInLog = 0;
		};
		FA252B2547ADC0D6ACB61424 /* [CP] Copy Pods Resources */ = {
			isa = PBXShellScriptBuildPhase;
			buildActionMask = 2147483647;
			files = (
			);
			inputPaths = (
			);
			name = "[CP] Copy Pods Resources";
			outputPaths = (
			);
			runOnlyForDeploymentPostprocessing = 0;
			shellPath = /bin/sh;
			shellScript = "\"${SRCROOT}/Pods/Target Support Files/Pods-Farvima/Pods-Farvima-resources.sh\"\n";
			showEnvVarsInLog = 0;
		};
/* End PBXShellScriptBuildPhase section */

/* Begin PBXSourcesBuildPhase section */
		BBFD43B91F93AABD00A7E265 /* Sources */ = {
			isa = PBXSourcesBuildPhase;
			buildActionMask = 2147483647;
			files = (
				BBFD43D61F93AABD00A7E265 /* main.m in Sources */,
				BBD8B6841FC5CAB7009EDD32 /* FarmVimaSlideMenuSingletone.m in Sources */,
				BB5C964F1FC4511300126DC9 /* RightSideMenuViewController.m in Sources */,
				BB0DEA371F9F9045009E8420 /* OfferViewController.m in Sources */,
				BB8A24B21FA4DCE30070322E /* MessageTableViewCell.m in Sources */,
				BB13E82C1F9CD78D00BDA4EB /* PharmaHomeViewController.m in Sources */,
				BBBC782A1FC7224600062F37 /* SearchResultTableViewCell.m in Sources */,
				BB1159021FA4B07F0052107A /* EventViewController.m in Sources */,
				BB63834E1F9E577B007B56AF /* GallaryCollectionViewCell.m in Sources */,
				BB1159051FA4B5D30052107A /* EventTableViewCell.m in Sources */,
				BB16A7BC1FA777AD00AFA112 /* OrderDetailsViewController.m in Sources */,
				BB8A24AF1FA4D5760070322E /* MessageViewController.m in Sources */,
				BBFD43C51F93AABD00A7E265 /* Farvima.xcdatamodeld in Sources */,
				BB8A59881FC9610900468389 /* ChooseYourPharmacyViewController.m in Sources */,
				BB63834B1F9E504B007B56AF /* GallaryViewController.m in Sources */,
				BB8A24B51FA4DD480070322E /* MessageSectionHeader.m in Sources */,
				BB5C96581FC473C900126DC9 /* LeftMenuTableViewCell.m in Sources */,
				BBD8B6811FC5C243009EDD32 /* LeftSlideMenuViewController.m in Sources */,
				BBDC093A1F93B7F100E5D9A2 /* EventIntroViewController.m in Sources */,
				BB5C96551FC45D0F00126DC9 /* NavigationController.m in Sources */,
				BBDC093D1F93B81300E5D9A2 /* OfferIntroViewController.m in Sources */,
				BBDC09411F93B83500E5D9A2 /* PreBookIntroViewController.m in Sources */,
				BB7700EE1FA475D600EA76D2 /* NewsSectionHeader.m in Sources */,
				BBF4DF0A1FA4EE9A00E0C811 /* NotificationViewController.m in Sources */,
				BBC886161FC972B400D60612 /* SearchByLocationViewController.m in Sources */,
				BBF4DF0D1FA4F7DA00E0C811 /* NotificationTableViewCell.m in Sources */,
				BBDC092D1F93B37000E5D9A2 /* PharmaIntroViewController.m in Sources */,
				BBFD43C21F93AABD00A7E265 /* AppDelegate.m in Sources */,
				BB7700DC1FA45E3200EA76D2 /* NewsTableViewCell.m in Sources */,
				BBDC09361F93B7C600E5D9A2 /* NewsIntroViewController.m in Sources */,
				BB6446381FA5FD7F006F2B92 /* SearchResultViewController.m in Sources */,
				BB64463B1FA6077B006F2B92 /* SearchResultCollectionViewCell.m in Sources */,
				BB64463E1FA61D19006F2B92 /* SearchProductDetailsViewController.m in Sources */,
				BB7700F31FA4856B00EA76D2 /* NewsDetailsViewController.m in Sources */,
				BB16A7C11FA77EA100AFA112 /* OrderDetailsHeaderSection.m in Sources */,
				BBD8CCC51FC4FB6B00C75038 /* RightMenuTableViewCell.m in Sources */,
				BBC886131FC9729A00D60612 /* SearchByAddressViewController.m in Sources */,
				BB0DEA3A1F9F9726009E8420 /* OfferTableViewCell.m in Sources */,
				BB16A7C91FA788BE00AFA112 /* OrderDetailsFooetrSection.m in Sources */,
				BBF2D2961FC97B2B007EE3FC /* PharmacyListViewController.m in Sources */,
				BB5C96521FC45AC900126DC9 /* MainViewController.m in Sources */,
				BBE31AB91FA5A2D700E07440 /* ProductSearchViewController.m in Sources */,
				BB3425CF1FB209A8000FD88C /* EventDetailsViewController.m in Sources */,
				BB16A7C41FA781C400AFA112 /* OrderDetailsTableViewCell.m in Sources */,
				84A607F21FA3062300D7E3D7 /* NewsViewController.m in Sources */,
			);
			runOnlyForDeploymentPostprocessing = 0;
		};
/* End PBXSourcesBuildPhase section */

/* Begin PBXVariantGroup section */
		BBFD43CC1F93AABD00A7E265 /* Main.storyboard */ = {
			isa = PBXVariantGroup;
			children = (
				BBFD43CD1F93AABD00A7E265 /* Base */,
			);
			name = Main.storyboard;
			sourceTree = "<group>";
		};
		BBFD43D11F93AABD00A7E265 /* LaunchScreen.storyboard */ = {
			isa = PBXVariantGroup;
			children = (
				BBFD43D21F93AABD00A7E265 /* Base */,
			);
			name = LaunchScreen.storyboard;
			sourceTree = "<group>";
		};
/* End PBXVariantGroup section */

/* Begin XCBuildConfiguration section */
		BBFD43D71F93AABD00A7E265 /* Debug */ = {
			isa = XCBuildConfiguration;
			buildSettings = {
				ALWAYS_SEARCH_USER_PATHS = NO;
				CLANG_ANALYZER_NONNULL = YES;
				CLANG_ANALYZER_NUMBER_OBJECT_CONVERSION = YES_AGGRESSIVE;
				CLANG_CXX_LANGUAGE_STANDARD = "gnu++14";
				CLANG_CXX_LIBRARY = "libc++";
				CLANG_ENABLE_MODULES = YES;
				CLANG_ENABLE_OBJC_ARC = YES;
				CLANG_WARN_BLOCK_CAPTURE_AUTORELEASING = YES;
				CLANG_WARN_BOOL_CONVERSION = YES;
				CLANG_WARN_COMMA = YES;
				CLANG_WARN_CONSTANT_CONVERSION = YES;
				CLANG_WARN_DIRECT_OBJC_ISA_USAGE = YES_ERROR;
				CLANG_WARN_DOCUMENTATION_COMMENTS = YES;
				CLANG_WARN_EMPTY_BODY = YES;
				CLANG_WARN_ENUM_CONVERSION = YES;
				CLANG_WARN_INFINITE_RECURSION = YES;
				CLANG_WARN_INT_CONVERSION = YES;
				CLANG_WARN_NON_LITERAL_NULL_CONVERSION = YES;
				CLANG_WARN_OBJC_LITERAL_CONVERSION = YES;
				CLANG_WARN_OBJC_ROOT_CLASS = YES_ERROR;
				CLANG_WARN_RANGE_LOOP_ANALYSIS = YES;
				CLANG_WARN_STRICT_PROTOTYPES = YES;
				CLANG_WARN_SUSPICIOUS_MOVE = YES;
				CLANG_WARN_UNGUARDED_AVAILABILITY = YES_AGGRESSIVE;
				CLANG_WARN_UNREACHABLE_CODE = YES;
				CLANG_WARN__DUPLICATE_METHOD_MATCH = YES;
				CODE_SIGN_IDENTITY = "iPhone Developer";
				COPY_PHASE_STRIP = NO;
				DEBUG_INFORMATION_FORMAT = dwarf;
				ENABLE_STRICT_OBJC_MSGSEND = YES;
				ENABLE_TESTABILITY = YES;
				GCC_C_LANGUAGE_STANDARD = gnu11;
				GCC_DYNAMIC_NO_PIC = NO;
				GCC_NO_COMMON_BLOCKS = YES;
				GCC_OPTIMIZATION_LEVEL = 0;
				GCC_PREPROCESSOR_DEFINITIONS = (
					"DEBUG=1",
					"$(inherited)",
				);
				GCC_WARN_64_TO_32_BIT_CONVERSION = YES;
				GCC_WARN_ABOUT_RETURN_TYPE = YES_ERROR;
				GCC_WARN_UNDECLARED_SELECTOR = YES;
				GCC_WARN_UNINITIALIZED_AUTOS = YES_AGGRESSIVE;
				GCC_WARN_UNUSED_FUNCTION = YES;
				GCC_WARN_UNUSED_VARIABLE = YES;
				IPHONEOS_DEPLOYMENT_TARGET = 11.0;
				MTL_ENABLE_DEBUG_INFO = YES;
				ONLY_ACTIVE_ARCH = YES;
				SDKROOT = iphoneos;
			};
			name = Debug;
		};
		BBFD43D81F93AABD00A7E265 /* Release */ = {
			isa = XCBuildConfiguration;
			buildSettings = {
				ALWAYS_SEARCH_USER_PATHS = NO;
				CLANG_ANALYZER_NONNULL = YES;
				CLANG_ANALYZER_NUMBER_OBJECT_CONVERSION = YES_AGGRESSIVE;
				CLANG_CXX_LANGUAGE_STANDARD = "gnu++14";
				CLANG_CXX_LIBRARY = "libc++";
				CLANG_ENABLE_MODULES = YES;
				CLANG_ENABLE_OBJC_ARC = YES;
				CLANG_WARN_BLOCK_CAPTURE_AUTORELEASING = YES;
				CLANG_WARN_BOOL_CONVERSION = YES;
				CLANG_WARN_COMMA = YES;
				CLANG_WARN_CONSTANT_CONVERSION = YES;
				CLANG_WARN_DIRECT_OBJC_ISA_USAGE = YES_ERROR;
				CLANG_WARN_DOCUMENTATION_COMMENTS = YES;
				CLANG_WARN_EMPTY_BODY = YES;
				CLANG_WARN_ENUM_CONVERSION = YES;
				CLANG_WARN_INFINITE_RECURSION = YES;
				CLANG_WARN_INT_CONVERSION = YES;
				CLANG_WARN_NON_LITERAL_NULL_CONVERSION = YES;
				CLANG_WARN_OBJC_LITERAL_CONVERSION = YES;
				CLANG_WARN_OBJC_ROOT_CLASS = YES_ERROR;
				CLANG_WARN_RANGE_LOOP_ANALYSIS = YES;
				CLANG_WARN_STRICT_PROTOTYPES = YES;
				CLANG_WARN_SUSPICIOUS_MOVE = YES;
				CLANG_WARN_UNGUARDED_AVAILABILITY = YES_AGGRESSIVE;
				CLANG_WARN_UNREACHABLE_CODE = YES;
				CLANG_WARN__DUPLICATE_METHOD_MATCH = YES;
				CODE_SIGN_IDENTITY = "iPhone Developer";
				COPY_PHASE_STRIP = NO;
				DEBUG_INFORMATION_FORMAT = "dwarf-with-dsym";
				ENABLE_NS_ASSERTIONS = NO;
				ENABLE_STRICT_OBJC_MSGSEND = YES;
				GCC_C_LANGUAGE_STANDARD = gnu11;
				GCC_NO_COMMON_BLOCKS = YES;
				GCC_WARN_64_TO_32_BIT_CONVERSION = YES;
				GCC_WARN_ABOUT_RETURN_TYPE = YES_ERROR;
				GCC_WARN_UNDECLARED_SELECTOR = YES;
				GCC_WARN_UNINITIALIZED_AUTOS = YES_AGGRESSIVE;
				GCC_WARN_UNUSED_FUNCTION = YES;
				GCC_WARN_UNUSED_VARIABLE = YES;
				IPHONEOS_DEPLOYMENT_TARGET = 11.0;
				MTL_ENABLE_DEBUG_INFO = NO;
				SDKROOT = iphoneos;
				VALIDATE_PRODUCT = YES;
			};
			name = Release;
		};
		BBFD43DA1F93AABD00A7E265 /* Debug */ = {
			isa = XCBuildConfiguration;
			baseConfigurationReference = E2FB0FEBF165970D978B384F /* Pods-Farvima.debug.xcconfig */;
			buildSettings = {
				ASSETCATALOG_COMPILER_APPICON_NAME = AppIcon;
				CODE_SIGN_STYLE = Manual;
				DEVELOPMENT_TEAM = "";
				INFOPLIST_FILE = Farvima/Info.plist;
				LD_RUNPATH_SEARCH_PATHS = "$(inherited) @executable_path/Frameworks";
				PRODUCT_BUNDLE_IDENTIFIER = Rafay.Farvima;
				PRODUCT_NAME = "$(TARGET_NAME)";
				PROVISIONING_PROFILE_SPECIFIER = "";
				TARGETED_DEVICE_FAMILY = "1,2";
			};
			name = Debug;
		};
		BBFD43DB1F93AABD00A7E265 /* Release */ = {
			isa = XCBuildConfiguration;
			baseConfigurationReference = 6AF49D719E96AB9AC74CE0B4 /* Pods-Farvima.release.xcconfig */;
			buildSettings = {
				ASSETCATALOG_COMPILER_APPICON_NAME = AppIcon;
				CODE_SIGN_STYLE = Manual;
				DEVELOPMENT_TEAM = "";
				INFOPLIST_FILE = Farvima/Info.plist;
				LD_RUNPATH_SEARCH_PATHS = "$(inherited) @executable_path/Frameworks";
				PRODUCT_BUNDLE_IDENTIFIER = Rafay.Farvima;
				PRODUCT_NAME = "$(TARGET_NAME)";
				PROVISIONING_PROFILE_SPECIFIER = "";
				TARGETED_DEVICE_FAMILY = "1,2";
			};
			name = Release;
		};
/* End XCBuildConfiguration section */

/* Begin XCConfigurationList section */
		BBFD43B81F93AABD00A7E265 /* Build configuration list for PBXProject "Farvima" */ = {
			isa = XCConfigurationList;
			buildConfigurations = (
				BBFD43D71F93AABD00A7E265 /* Debug */,
				BBFD43D81F93AABD00A7E265 /* Release */,
			);
			defaultConfigurationIsVisible = 0;
			defaultConfigurationName = Release;
		};
		BBFD43D91F93AABD00A7E265 /* Build configuration list for PBXNativeTarget "Farvima" */ = {
			isa = XCConfigurationList;
			buildConfigurations = (
				BBFD43DA1F93AABD00A7E265 /* Debug */,
				BBFD43DB1F93AABD00A7E265 /* Release */,
			);
			defaultConfigurationIsVisible = 0;
			defaultConfigurationName = Release;
		};
/* End XCConfigurationList section */

/* Begin XCVersionGroup section */
		BBFD43C31F93AABD00A7E265 /* Farvima.xcdatamodeld */ = {
			isa = XCVersionGroup;
			children = (
				BBFD43C41F93AABD00A7E265 /* Farvima.xcdatamodel */,
			);
			currentVersion = BBFD43C41F93AABD00A7E265 /* Farvima.xcdatamodel */;
			path = Farvima.xcdatamodeld;
			sourceTree = "<group>";
			versionGroupType = wrapper.xcdatamodel;
		};
/* End XCVersionGroup section */
	};
	rootObject = BBFD43B51F93AABD00A7E265 /* Project object */;
}
