// !$*UTF8*$!
{
	archiveVersion = 1;
	classes = {
	};
	objectVersion = 48;
	objects = {

/* Begin PBXBuildFile section */
		BBDC092D1F93B37000E5D9A2 /* PharmaIntroViewController.m in Sources */ = {isa = PBXBuildFile; fileRef = BBDC092C1F93B37000E5D9A2 /* PharmaIntroViewController.m */; };
		BBDC09361F93B7C600E5D9A2 /* NewsIntroViewController.m in Sources */ = {isa = PBXBuildFile; fileRef = BBDC09351F93B7C600E5D9A2 /* NewsIntroViewController.m */; };
		BBDC093A1F93B7F100E5D9A2 /* EventIntroViewController.m in Sources */ = {isa = PBXBuildFile; fileRef = BBDC09391F93B7F100E5D9A2 /* EventIntroViewController.m */; };
		BBDC093D1F93B81300E5D9A2 /* OfferIntroViewController.m in Sources */ = {isa = PBXBuildFile; fileRef = BBDC093C1F93B81300E5D9A2 /* OfferIntroViewController.m */; };
		BBDC09411F93B83500E5D9A2 /* PreBookIntroViewController.m in Sources */ = {isa = PBXBuildFile; fileRef = BBDC09401F93B83500E5D9A2 /* PreBookIntroViewController.m */; };
		BBFD43C21F93AABD00A7E265 /* AppDelegate.m in Sources */ = {isa = PBXBuildFile; fileRef = BBFD43C11F93AABD00A7E265 /* AppDelegate.m */; };
		BBFD43C51F93AABD00A7E265 /* Farvima.xcdatamodeld in Sources */ = {isa = PBXBuildFile; fileRef = BBFD43C31F93AABD00A7E265 /* Farvima.xcdatamodeld */; };
		BBFD43CE1F93AABD00A7E265 /* Main.storyboard in Resources */ = {isa = PBXBuildFile; fileRef = BBFD43CC1F93AABD00A7E265 /* Main.storyboard */; };
		BBFD43D01F93AABD00A7E265 /* Assets.xcassets in Resources */ = {isa = PBXBuildFile; fileRef = BBFD43CF1F93AABD00A7E265 /* Assets.xcassets */; };
		BBFD43D31F93AABD00A7E265 /* LaunchScreen.storyboard in Resources */ = {isa = PBXBuildFile; fileRef = BBFD43D11F93AABD00A7E265 /* LaunchScreen.storyboard */; };
		BBFD43D61F93AABD00A7E265 /* main.m in Sources */ = {isa = PBXBuildFile; fileRef = BBFD43D51F93AABD00A7E265 /* main.m */; };
/* End PBXBuildFile section */

/* Begin PBXFileReference section */
		BBDC092B1F93B37000E5D9A2 /* PharmaIntroViewController.h */ = {isa = PBXFileReference; lastKnownFileType = sourcecode.c.h; path = PharmaIntroViewController.h; sourceTree = "<group>"; };
		BBDC092C1F93B37000E5D9A2 /* PharmaIntroViewController.m */ = {isa = PBXFileReference; lastKnownFileType = sourcecode.c.objc; path = PharmaIntroViewController.m; sourceTree = "<group>"; };
		BBDC09341F93B7C600E5D9A2 /* NewsIntroViewController.h */ = {isa = PBXFileReference; lastKnownFileType = sourcecode.c.h; path = NewsIntroViewController.h; sourceTree = "<group>"; };
		BBDC09351F93B7C600E5D9A2 /* NewsIntroViewController.m */ = {isa = PBXFileReference; lastKnownFileType = sourcecode.c.objc; path = NewsIntroViewController.m; sourceTree = "<group>"; };
		BBDC09381F93B7F100E5D9A2 /* EventIntroViewController.h */ = {isa = PBXFileReference; lastKnownFileType = sourcecode.c.h; path = EventIntroViewController.h; sourceTree = "<group>"; };
		BBDC09391F93B7F100E5D9A2 /* EventIntroViewController.m */ = {isa = PBXFileReference; lastKnownFileType = sourcecode.c.objc; path = EventIntroViewController.m; sourceTree = "<group>"; };
		BBDC093B1F93B81300E5D9A2 /* OfferIntroViewController.h */ = {isa = PBXFileReference; lastKnownFileType = sourcecode.c.h; path = OfferIntroViewController.h; sourceTree = "<group>"; };
		BBDC093C1F93B81300E5D9A2 /* OfferIntroViewController.m */ = {isa = PBXFileReference; lastKnownFileType = sourcecode.c.objc; path = OfferIntroViewController.m; sourceTree = "<group>"; };
		BBDC093F1F93B83500E5D9A2 /* PreBookIntroViewController.h */ = {isa = PBXFileReference; lastKnownFileType = sourcecode.c.h; path = PreBookIntroViewController.h; sourceTree = "<group>"; };
		BBDC09401F93B83500E5D9A2 /* PreBookIntroViewController.m */ = {isa = PBXFileReference; lastKnownFileType = sourcecode.c.objc; path = PreBookIntroViewController.m; sourceTree = "<group>"; };
		BBFD43BD1F93AABD00A7E265 /* Farvima.app */ = {isa = PBXFileReference; explicitFileType = wrapper.application; includeInIndex = 0; path = Farvima.app; sourceTree = BUILT_PRODUCTS_DIR; };
		BBFD43C01F93AABD00A7E265 /* AppDelegate.h */ = {isa = PBXFileReference; lastKnownFileType = sourcecode.c.h; path = AppDelegate.h; sourceTree = "<group>"; };
		BBFD43C11F93AABD00A7E265 /* AppDelegate.m */ = {isa = PBXFileReference; lastKnownFileType = sourcecode.c.objc; path = AppDelegate.m; sourceTree = "<group>"; };
		BBFD43C41F93AABD00A7E265 /* Farvima.xcdatamodel */ = {isa = PBXFileReference; lastKnownFileType = wrapper.xcdatamodel; path = Farvima.xcdatamodel; sourceTree = "<group>"; };
		BBFD43CD1F93AABD00A7E265 /* Base */ = {isa = PBXFileReference; lastKnownFileType = file.storyboard; name = Base; path = Base.lproj/Main.storyboard; sourceTree = "<group>"; };
		BBFD43CF1F93AABD00A7E265 /* Assets.xcassets */ = {isa = PBXFileReference; lastKnownFileType = folder.assetcatalog; path = Assets.xcassets; sourceTree = "<group>"; };
		BBFD43D21F93AABD00A7E265 /* Base */ = {isa = PBXFileReference; lastKnownFileType = file.storyboard; name = Base; path = Base.lproj/LaunchScreen.storyboard; sourceTree = "<group>"; };
		BBFD43D41F93AABD00A7E265 /* Info.plist */ = {isa = PBXFileReference; lastKnownFileType = text.plist.xml; path = Info.plist; sourceTree = "<group>"; };
		BBFD43D51F93AABD00A7E265 /* main.m */ = {isa = PBXFileReference; lastKnownFileType = sourcecode.c.objc; path = main.m; sourceTree = "<group>"; };
/* End PBXFileReference section */

/* Begin PBXFrameworksBuildPhase section */
		BBFD43BA1F93AABD00A7E265 /* Frameworks */ = {
			isa = PBXFrameworksBuildPhase;
			buildActionMask = 2147483647;
			files = (
			);
			runOnlyForDeploymentPostprocessing = 0;
		};
/* End PBXFrameworksBuildPhase section */

/* Begin PBXGroup section */
		BBDC092A1F93B34900E5D9A2 /* Start up guide */ = {
			isa = PBXGroup;
			children = (
				BBDC093E1F93B82200E5D9A2 /* Pre Book */,
				BBDC09371F93B7D700E5D9A2 /* Event */,
				BBDC09331F93B7B500E5D9A2 /* News */,
				BBDC092F1F93B78B00E5D9A2 /* Offer */,
				BBDC092E1F93B78200E5D9A2 /* Pharmacy */,
			);
			path = "Start up guide";
			sourceTree = "<group>";
		};
		BBDC092E1F93B78200E5D9A2 /* Pharmacy */ = {
			isa = PBXGroup;
			children = (
				BBDC092B1F93B37000E5D9A2 /* PharmaIntroViewController.h */,
				BBDC092C1F93B37000E5D9A2 /* PharmaIntroViewController.m */,
			);
			path = Pharmacy;
			sourceTree = "<group>";
		};
		BBDC092F1F93B78B00E5D9A2 /* Offer */ = {
			isa = PBXGroup;
			children = (
				BBDC093B1F93B81300E5D9A2 /* OfferIntroViewController.h */,
				BBDC093C1F93B81300E5D9A2 /* OfferIntroViewController.m */,
			);
			path = Offer;
			sourceTree = "<group>";
		};
		BBDC09331F93B7B500E5D9A2 /* News */ = {
			isa = PBXGroup;
			children = (
				BBDC09341F93B7C600E5D9A2 /* NewsIntroViewController.h */,
				BBDC09351F93B7C600E5D9A2 /* NewsIntroViewController.m */,
			);
			path = News;
			sourceTree = "<group>";
		};
		BBDC09371F93B7D700E5D9A2 /* Event */ = {
			isa = PBXGroup;
			children = (
				BBDC09381F93B7F100E5D9A2 /* EventIntroViewController.h */,
				BBDC09391F93B7F100E5D9A2 /* EventIntroViewController.m */,
			);
			path = Event;
			sourceTree = "<group>";
		};
		BBDC093E1F93B82200E5D9A2 /* Pre Book */ = {
			isa = PBXGroup;
			children = (
				BBDC093F1F93B83500E5D9A2 /* PreBookIntroViewController.h */,
				BBDC09401F93B83500E5D9A2 /* PreBookIntroViewController.m */,
			);
			path = "Pre Book";
			sourceTree = "<group>";
		};
		BBFD43B41F93AABD00A7E265 = {
			isa = PBXGroup;
			children = (
				BBFD43BF1F93AABD00A7E265 /* Farvima */,
				BBFD43BE1F93AABD00A7E265 /* Products */,
			);
			sourceTree = "<group>";
		};
		BBFD43BE1F93AABD00A7E265 /* Products */ = {
			isa = PBXGroup;
			children = (
				BBFD43BD1F93AABD00A7E265 /* Farvima.app */,
			);
			name = Products;
			sourceTree = "<group>";
		};
		BBFD43BF1F93AABD00A7E265 /* Farvima */ = {
			isa = PBXGroup;
			children = (
				BBFD43C01F93AABD00A7E265 /* AppDelegate.h */,
				BBFD43C11F93AABD00A7E265 /* AppDelegate.m */,
				BBDC092A1F93B34900E5D9A2 /* Start up guide */,
				BBFD43CC1F93AABD00A7E265 /* Main.storyboard */,
				BBFD43CF1F93AABD00A7E265 /* Assets.xcassets */,
				BBFD43D11F93AABD00A7E265 /* LaunchScreen.storyboard */,
				BBFD43D41F93AABD00A7E265 /* Info.plist */,
				BBFD43D51F93AABD00A7E265 /* main.m */,
				BBFD43C31F93AABD00A7E265 /* Farvima.xcdatamodeld */,
			);
			path = Farvima;
			sourceTree = "<group>";
		};
/* End PBXGroup section */

/* Begin PBXNativeTarget section */
		BBFD43BC1F93AABD00A7E265 /* Farvima */ = {
			isa = PBXNativeTarget;
			buildConfigurationList = BBFD43D91F93AABD00A7E265 /* Build configuration list for PBXNativeTarget "Farvima" */;
			buildPhases = (
				BBFD43B91F93AABD00A7E265 /* Sources */,
				BBFD43BA1F93AABD00A7E265 /* Frameworks */,
				BBFD43BB1F93AABD00A7E265 /* Resources */,
			);
			buildRules = (
			);
			dependencies = (
			);
			name = Farvima;
			productName = Farvima;
			productReference = BBFD43BD1F93AABD00A7E265 /* Farvima.app */;
			productType = "com.apple.product-type.application";
		};
/* End PBXNativeTarget section */

/* Begin PBXProject section */
		BBFD43B51F93AABD00A7E265 /* Project object */ = {
			isa = PBXProject;
			attributes = {
				LastUpgradeCheck = 0900;
				ORGANIZATIONNAME = "Rafay Hasan";
				TargetAttributes = {
					BBFD43BC1F93AABD00A7E265 = {
						CreatedOnToolsVersion = 9.0;
						ProvisioningStyle = Manual;
					};
				};
			};
			buildConfigurationList = BBFD43B81F93AABD00A7E265 /* Build configuration list for PBXProject "Farvima" */;
			compatibilityVersion = "Xcode 8.0";
			developmentRegion = en;
			hasScannedForEncodings = 0;
			knownRegions = (
				en,
				Base,
			);
			mainGroup = BBFD43B41F93AABD00A7E265;
			productRefGroup = BBFD43BE1F93AABD00A7E265 /* Products */;
			projectDirPath = "";
			projectRoot = "";
			targets = (
				BBFD43BC1F93AABD00A7E265 /* Farvima */,
			);
		};
/* End PBXProject section */

/* Begin PBXResourcesBuildPhase section */
		BBFD43BB1F93AABD00A7E265 /* Resources */ = {
			isa = PBXResourcesBuildPhase;
			buildActionMask = 2147483647;
			files = (
				BBFD43D31F93AABD00A7E265 /* LaunchScreen.storyboard in Resources */,
				BBFD43D01F93AABD00A7E265 /* Assets.xcassets in Resources */,
				BBFD43CE1F93AABD00A7E265 /* Main.storyboard in Resources */,
			);
			runOnlyForDeploymentPostprocessing = 0;
		};
/* End PBXResourcesBuildPhase section */

/* Begin PBXSourcesBuildPhase section */
		BBFD43B91F93AABD00A7E265 /* Sources */ = {
			isa = PBXSourcesBuildPhase;
			buildActionMask = 2147483647;
			files = (
				BBFD43D61F93AABD00A7E265 /* main.m in Sources */,
				BBFD43C51F93AABD00A7E265 /* Farvima.xcdatamodeld in Sources */,
				BBDC093A1F93B7F100E5D9A2 /* EventIntroViewController.m in Sources */,
				BBDC093D1F93B81300E5D9A2 /* OfferIntroViewController.m in Sources */,
				BBDC09411F93B83500E5D9A2 /* PreBookIntroViewController.m in Sources */,
				BBDC092D1F93B37000E5D9A2 /* PharmaIntroViewController.m in Sources */,
				BBFD43C21F93AABD00A7E265 /* AppDelegate.m in Sources */,
				BBDC09361F93B7C600E5D9A2 /* NewsIntroViewController.m in Sources */,
			);
			runOnlyForDeploymentPostprocessing = 0;
		};
/* End PBXSourcesBuildPhase section */

/* Begin PBXVariantGroup section */
		BBFD43CC1F93AABD00A7E265 /* Main.storyboard */ = {
			isa = PBXVariantGroup;
			children = (
				BBFD43CD1F93AABD00A7E265 /* Base */,
			);
			name = Main.storyboard;
			sourceTree = "<group>";
		};
		BBFD43D11F93AABD00A7E265 /* LaunchScreen.storyboard */ = {
			isa = PBXVariantGroup;
			children = (
				BBFD43D21F93AABD00A7E265 /* Base */,
			);
			name = LaunchScreen.storyboard;
			sourceTree = "<group>";
		};
/* End PBXVariantGroup section */

/* Begin XCBuildConfiguration section */
		BBFD43D71F93AABD00A7E265 /* Debug */ = {
			isa = XCBuildConfiguration;
			buildSettings = {
				ALWAYS_SEARCH_USER_PATHS = NO;
				CLANG_ANALYZER_NONNULL = YES;
				CLANG_ANALYZER_NUMBER_OBJECT_CONVERSION = YES_AGGRESSIVE;
				CLANG_CXX_LANGUAGE_STANDARD = "gnu++14";
				CLANG_CXX_LIBRARY = "libc++";
				CLANG_ENABLE_MODULES = YES;
				CLANG_ENABLE_OBJC_ARC = YES;
				CLANG_WARN_BLOCK_CAPTURE_AUTORELEASING = YES;
				CLANG_WARN_BOOL_CONVERSION = YES;
				CLANG_WARN_COMMA = YES;
				CLANG_WARN_CONSTANT_CONVERSION = YES;
				CLANG_WARN_DIRECT_OBJC_ISA_USAGE = YES_ERROR;
				CLANG_WARN_DOCUMENTATION_COMMENTS = YES;
				CLANG_WARN_EMPTY_BODY = YES;
				CLANG_WARN_ENUM_CONVERSION = YES;
				CLANG_WARN_INFINITE_RECURSION = YES;
				CLANG_WARN_INT_CONVERSION = YES;
				CLANG_WARN_NON_LITERAL_NULL_CONVERSION = YES;
				CLANG_WARN_OBJC_LITERAL_CONVERSION = YES;
				CLANG_WARN_OBJC_ROOT_CLASS = YES_ERROR;
				CLANG_WARN_RANGE_LOOP_ANALYSIS = YES;
				CLANG_WARN_STRICT_PROTOTYPES = YES;
				CLANG_WARN_SUSPICIOUS_MOVE = YES;
				CLANG_WARN_UNGUARDED_AVAILABILITY = YES_AGGRESSIVE;
				CLANG_WARN_UNREACHABLE_CODE = YES;
				CLANG_WARN__DUPLICATE_METHOD_MATCH = YES;
				CODE_SIGN_IDENTITY = "iPhone Developer";
				COPY_PHASE_STRIP = NO;
				DEBUG_INFORMATION_FORMAT = dwarf;
				ENABLE_STRICT_OBJC_MSGSEND = YES;
				ENABLE_TESTABILITY = YES;
				GCC_C_LANGUAGE_STANDARD = gnu11;
				GCC_DYNAMIC_NO_PIC = NO;
				GCC_NO_COMMON_BLOCKS = YES;
				GCC_OPTIMIZATION_LEVEL = 0;
				GCC_PREPROCESSOR_DEFINITIONS = (
					"DEBUG=1",
					"$(inherited)",
				);
				GCC_WARN_64_TO_32_BIT_CONVERSION = YES;
				GCC_WARN_ABOUT_RETURN_TYPE = YES_ERROR;
				GCC_WARN_UNDECLARED_SELECTOR = YES;
				GCC_WARN_UNINITIALIZED_AUTOS = YES_AGGRESSIVE;
				GCC_WARN_UNUSED_FUNCTION = YES;
				GCC_WARN_UNUSED_VARIABLE = YES;
				IPHONEOS_DEPLOYMENT_TARGET = 11.0;
				MTL_ENABLE_DEBUG_INFO = YES;
				ONLY_ACTIVE_ARCH = YES;
				SDKROOT = iphoneos;
			};
			name = Debug;
		};
		BBFD43D81F93AABD00A7E265 /* Release */ = {
			isa = XCBuildConfiguration;
			buildSettings = {
				ALWAYS_SEARCH_USER_PATHS = NO;
				CLANG_ANALYZER_NONNULL = YES;
				CLANG_ANALYZER_NUMBER_OBJECT_CONVERSION = YES_AGGRESSIVE;
				CLANG_CXX_LANGUAGE_STANDARD = "gnu++14";
				CLANG_CXX_LIBRARY = "libc++";
				CLANG_ENABLE_MODULES = YES;
				CLANG_ENABLE_OBJC_ARC = YES;
				CLANG_WARN_BLOCK_CAPTURE_AUTORELEASING = YES;
				CLANG_WARN_BOOL_CONVERSION = YES;
				CLANG_WARN_COMMA = YES;
				CLANG_WARN_CONSTANT_CONVERSION = YES;
				CLANG_WARN_DIRECT_OBJC_ISA_USAGE = YES_ERROR;
				CLANG_WARN_DOCUMENTATION_COMMENTS = YES;
				CLANG_WARN_EMPTY_BODY = YES;
				CLANG_WARN_ENUM_CONVERSION = YES;
				CLANG_WARN_INFINITE_RECURSION = YES;
				CLANG_WARN_INT_CONVERSION = YES;
				CLANG_WARN_NON_LITERAL_NULL_CONVERSION = YES;
				CLANG_WARN_OBJC_LITERAL_CONVERSION = YES;
				CLANG_WARN_OBJC_ROOT_CLASS = YES_ERROR;
				CLANG_WARN_RANGE_LOOP_ANALYSIS = YES;
				CLANG_WARN_STRICT_PROTOTYPES = YES;
				CLANG_WARN_SUSPICIOUS_MOVE = YES;
				CLANG_WARN_UNGUARDED_AVAILABILITY = YES_AGGRESSIVE;
				CLANG_WARN_UNREACHABLE_CODE = YES;
				CLANG_WARN__DUPLICATE_METHOD_MATCH = YES;
				CODE_SIGN_IDENTITY = "iPhone Developer";
				COPY_PHASE_STRIP = NO;
				DEBUG_INFORMATION_FORMAT = "dwarf-with-dsym";
				ENABLE_NS_ASSERTIONS = NO;
				ENABLE_STRICT_OBJC_MSGSEND = YES;
				GCC_C_LANGUAGE_STANDARD = gnu11;
				GCC_NO_COMMON_BLOCKS = YES;
				GCC_WARN_64_TO_32_BIT_CONVERSION = YES;
				GCC_WARN_ABOUT_RETURN_TYPE = YES_ERROR;
				GCC_WARN_UNDECLARED_SELECTOR = YES;
				GCC_WARN_UNINITIALIZED_AUTOS = YES_AGGRESSIVE;
				GCC_WARN_UNUSED_FUNCTION = YES;
				GCC_WARN_UNUSED_VARIABLE = YES;
				IPHONEOS_DEPLOYMENT_TARGET = 11.0;
				MTL_ENABLE_DEBUG_INFO = NO;
				SDKROOT = iphoneos;
				VALIDATE_PRODUCT = YES;
			};
			name = Release;
		};
		BBFD43DA1F93AABD00A7E265 /* Debug */ = {
			isa = XCBuildConfiguration;
			buildSettings = {
				ASSETCATALOG_COMPILER_APPICON_NAME = AppIcon;
				CODE_SIGN_STYLE = Manual;
				DEVELOPMENT_TEAM = "";
				INFOPLIST_FILE = Farvima/Info.plist;
				LD_RUNPATH_SEARCH_PATHS = "$(inherited) @executable_path/Frameworks";
				PRODUCT_BUNDLE_IDENTIFIER = Rafay.Farvima;
				PRODUCT_NAME = "$(TARGET_NAME)";
				PROVISIONING_PROFILE_SPECIFIER = "";
				TARGETED_DEVICE_FAMILY = "1,2";
			};
			name = Debug;
		};
		BBFD43DB1F93AABD00A7E265 /* Release */ = {
			isa = XCBuildConfiguration;
			buildSettings = {
				ASSETCATALOG_COMPILER_APPICON_NAME = AppIcon;
				CODE_SIGN_STYLE = Manual;
				DEVELOPMENT_TEAM = "";
				INFOPLIST_FILE = Farvima/Info.plist;
				LD_RUNPATH_SEARCH_PATHS = "$(inherited) @executable_path/Frameworks";
				PRODUCT_BUNDLE_IDENTIFIER = Rafay.Farvima;
				PRODUCT_NAME = "$(TARGET_NAME)";
				PROVISIONING_PROFILE_SPECIFIER = "";
				TARGETED_DEVICE_FAMILY = "1,2";
			};
			name = Release;
		};
/* End XCBuildConfiguration section */

/* Begin XCConfigurationList section */
		BBFD43B81F93AABD00A7E265 /* Build configuration list for PBXProject "Farvima" */ = {
			isa = XCConfigurationList;
			buildConfigurations = (
				BBFD43D71F93AABD00A7E265 /* Debug */,
				BBFD43D81F93AABD00A7E265 /* Release */,
			);
			defaultConfigurationIsVisible = 0;
			defaultConfigurationName = Release;
		};
		BBFD43D91F93AABD00A7E265 /* Build configuration list for PBXNativeTarget "Farvima" */ = {
			isa = XCConfigurationList;
			buildConfigurations = (
				BBFD43DA1F93AABD00A7E265 /* Debug */,
				BBFD43DB1F93AABD00A7E265 /* Release */,
			);
			defaultConfigurationIsVisible = 0;
			defaultConfigurationName = Release;
		};
/* End XCConfigurationList section */

/* Begin XCVersionGroup section */
		BBFD43C31F93AABD00A7E265 /* Farvima.xcdatamodeld */ = {
			isa = XCVersionGroup;
			children = (
				BBFD43C41F93AABD00A7E265 /* Farvima.xcdatamodel */,
			);
			currentVersion = BBFD43C41F93AABD00A7E265 /* Farvima.xcdatamodel */;
			path = Farvima.xcdatamodeld;
			sourceTree = "<group>";
			versionGroupType = wrapper.xcdatamodel;
		};
/* End XCVersionGroup section */
	};
	rootObject = BBFD43B51F93AABD00A7E265 /* Project object */;
}
